
Microsoft Visual Studio Solution File, Format Version 12.00
# Visual Studio Version 16
VisualStudioVersion = 16.0.31702.278
MinimumVisualStudioVersion = 10.0.40219.1
Project("{FAE04EC0-301F-11D3-BF4B-00C04F79EFBC}") = "VoleyballRotations", "VoleyballRotations\VoleyballRotations.csproj", "{6C8A081A-E90A-4E7E-977D-7D78599D2A8E}"
EndProject
Global
	GlobalSection(SolutionConfigurationPlatforms) = preSolution
		Debug|Any CPU = Debug|Any CPU
		Release|Any CPU = Release|Any CPU
	EndGlobalSection
	GlobalSection(ProjectConfigurationPlatforms) = postSolution
		{6C8A081A-E90A-4E7E-977D-7D78599D2A8E}.Debug|Any CPU.ActiveCfg = Debug|Any CPU
		{6C8A081A-E90A-4E7E-977D-7D78599D2A8E}.Debug|Any CPU.Build.0 = Debug|Any CPU
		{6C8A081A-E90A-4E7E-977D-7D78599D2A8E}.Release|Any CPU.ActiveCfg = Release|Any CPU
		{6C8A081A-E90A-4E7E-977D-7D78599D2A8E}.Release|Any CPU.Build.0 = Release|Any CPU
	EndGlobalSection
	GlobalSection(SolutionProperties) = preSolution
		HideSolutionNode = FALSE
	EndGlobalSection
	GlobalSection(ExtensibilityGlobals) = postSolution
		SolutionGuid = {E2756927-0B47-4D3D-923D-80E24176A7E0}
	EndGlobalSection
EndGlobal
